
Microsoft Visual Studio Solution File, Format Version 12.00
# Visual Studio Version 17
VisualStudioVersion = 17.5.33424.131
MinimumVisualStudioVersion = 10.0.40219.1
Project("{FAE04EC0-301F-11D3-BF4B-00C04F79EFBC}") = "DataB", "DataB1\DataB.csproj", "{40614B6F-E07D-4208-A285-13E2E13EC778}"
EndProject
Project("{FAE04EC0-301F-11D3-BF4B-00C04F79EFBC}") = "DataB2", "DataB2\DataB2.csproj", "{6CAA2D59-86DC-4B49-B08A-59403ADC35C2}"
EndProject
Project("{FAE04EC0-301F-11D3-BF4B-00C04F79EFBC}") = "DataB3", "DataB3\DataB3.csproj", "{CFEBD2FA-7F04-41FD-963F-36DDE0734E43}"
EndProject
Global
	GlobalSection(SolutionConfigurationPlatforms) = preSolution
		Debug|Any CPU = Debug|Any CPU
		Release|Any CPU = Release|Any CPU
	EndGlobalSection
	GlobalSection(ProjectConfigurationPlatforms) = postSolution
		{40614B6F-E07D-4208-A285-13E2E13EC778}.Debug|Any CPU.ActiveCfg = Debug|Any CPU
		{40614B6F-E07D-4208-A285-13E2E13EC778}.Debug|Any CPU.Build.0 = Debug|Any CPU
		{40614B6F-E07D-4208-A285-13E2E13EC778}.Release|Any CPU.ActiveCfg = Release|Any CPU
		{40614B6F-E07D-4208-A285-13E2E13EC778}.Release|Any CPU.Build.0 = Release|Any CPU
		{6CAA2D59-86DC-4B49-B08A-59403ADC35C2}.Debug|Any CPU.ActiveCfg = Debug|Any CPU
		{6CAA2D59-86DC-4B49-B08A-59403ADC35C2}.Debug|Any CPU.Build.0 = Debug|Any CPU
		{6CAA2D59-86DC-4B49-B08A-59403ADC35C2}.Release|Any CPU.ActiveCfg = Release|Any CPU
		{6CAA2D59-86DC-4B49-B08A-59403ADC35C2}.Release|Any CPU.Build.0 = Release|Any CPU
		{CFEBD2FA-7F04-41FD-963F-36DDE0734E43}.Debug|Any CPU.ActiveCfg = Debug|Any CPU
		{CFEBD2FA-7F04-41FD-963F-36DDE0734E43}.Debug|Any CPU.Build.0 = Debug|Any CPU
		{CFEBD2FA-7F04-41FD-963F-36DDE0734E43}.Release|Any CPU.ActiveCfg = Release|Any CPU
		{CFEBD2FA-7F04-41FD-963F-36DDE0734E43}.Release|Any CPU.Build.0 = Release|Any CPU
	EndGlobalSection
	GlobalSection(SolutionProperties) = preSolution
		HideSolutionNode = FALSE
	EndGlobalSection
	GlobalSection(ExtensibilityGlobals) = postSolution
		SolutionGuid = {34D73D70-E26B-40DB-8F99-BA02EE419DC2}
	EndGlobalSection
EndGlobal
